<?xml version="1.0" encoding="utf-8"?>
<Project ToolsVersion="4.0" xmlns="http://schemas.microsoft.com/developer/msbuild/2003">
  <ItemGroup>
    <Filter Include="Source Files">
      <UniqueIdentifier>{1d7a809f-ba0c-4a42-ac44-fd93e958fe95}</UniqueIdentifier>
      <Extensions>cpp;c;cxx;rc;def;r;odl;idl;hpj;bat</Extensions>
    </Filter>
    <Filter Include="Header Files">
      <UniqueIdentifier>{9746f4c7-6c0e-448e-b370-eb17d805a27f}</UniqueIdentifier>
      <Extensions>h;hpp;hxx;hm;inl</Extensions>
    </Filter>
    <Filter Include="Resource Files">
      <UniqueIdentifier>{d842ab42-c578-4206-84eb-f1227e237e5d}</UniqueIdentifier>
      <Extensions>ico;cur;bmp;dlg;rc2;rct;bin;rgs;gif;jpg;jpeg;jpe</Extensions>
    </Filter>
  </ItemGroup>
  <ItemGroup>
    <ClCompile Include="..\game\bg_misc.c">
      <Filter>Source Files</Filter>
    </ClCompile>
    <ClCompile Include="..\game\q_math.c">
      <Filter>Source Files</Filter>
    </ClCompile>
    <ClCompile Include="..\game\q_shared.c">
      <Filter>Source Files</Filter>
    </ClCompile>
    <ClCompile Include="ui_addbots.c">
      <Filter>Source Files</Filter>
    </ClCompile>
    <ClCompile Include="ui_atoms.c">
      <Filter>Source Files</Filter>
    </ClCompile>
    <ClCompile Include="ui_cdkey.c">
      <Filter>Source Files</Filter>
    </ClCompile>
    <ClCompile Include="ui_cinematics.c">
      <Filter>Source Files</Filter>
    </ClCompile>
    <ClCompile Include="ui_confirm.c">
      <Filter>Source Files</Filter>
    </ClCompile>
    <ClCompile Include="ui_connect.c">
      <Filter>Source Files</Filter>
    </ClCompile>
    <ClCompile Include="ui_controls2.c">
      <Filter>Source Files</Filter>
    </ClCompile>
    <ClCompile Include="ui_credits.c">
      <Filter>Source Files</Filter>
    </ClCompile>
    <ClCompile Include="ui_demo2.c">
      <Filter>Source Files</Filter>
    </ClCompile>
    <ClCompile Include="ui_display.c">
      <Filter>Source Files</Filter>
    </ClCompile>
    <ClCompile Include="ui_epmenu.c">
      <Filter>Source Files</Filter>
    </ClCompile>
    <ClCompile Include="ui_gameinfo.c">
      <Filter>Source Files</Filter>
    </ClCompile>
    <ClCompile Include="ui_ingame.c">
      <Filter>Source Files</Filter>
    </ClCompile>
    <ClCompile Include="ui_loadconfig.c">
      <Filter>Source Files</Filter>
    </ClCompile>
    <ClCompile Include="ui_main.c">
      <Filter>Source Files</Filter>
    </ClCompile>
    <ClCompile Include="ui_menu.c">
      <Filter>Source Files</Filter>
    </ClCompile>
    <ClCompile Include="ui_mfield.c">
      <Filter>Source Files</Filter>
    </ClCompile>
    <ClCompile Include="ui_mods.c">
      <Filter>Source Files</Filter>
    </ClCompile>
    <ClCompile Include="ui_mutators.c">
      <Filter>Source Files</Filter>
    </ClCompile>
    <ClCompile Include="ui_network.c">
      <Filter>Source Files</Filter>
    </ClCompile>
    <ClCompile Include="ui_options.c">
      <Filter>Source Files</Filter>
    </ClCompile>
    <ClCompile Include="ui_playermodel.c">
      <Filter>Source Files</Filter>
    </ClCompile>
    <ClCompile Include="ui_players.c">
      <Filter>Source Files</Filter>
    </ClCompile>
    <ClCompile Include="ui_playersettings.c">
      <Filter>Source Files</Filter>
    </ClCompile>
    <ClCompile Include="ui_preferences.c">
      <Filter>Source Files</Filter>
    </ClCompile>
    <ClCompile Include="ui_qmenu.c">
      <Filter>Source Files</Filter>
    </ClCompile>
    <ClCompile Include="ui_removebots.c">
      <Filter>Source Files</Filter>
    </ClCompile>
    <ClCompile Include="ui_saveconfig.c">
      <Filter>Source Files</Filter>
    </ClCompile>
    <ClCompile Include="ui_scores.c">
      <Filter>Source Files</Filter>
    </ClCompile>
    <ClCompile Include="ui_serverinfo.c">
      <Filter>Source Files</Filter>
    </ClCompile>
    <ClCompile Include="ui_servers2.c">
      <Filter>Source Files</Filter>
    </ClCompile>
    <ClCompile Include="ui_setup.c">
      <Filter>Source Files</Filter>
    </ClCompile>
    <ClCompile Include="ui_sound.c">
      <Filter>Source Files</Filter>
    </ClCompile>
    <ClCompile Include="ui_sparena.c">
      <Filter>Source Files</Filter>
    </ClCompile>
    <ClCompile Include="ui_specifyserver.c">
      <Filter>Source Files</Filter>
    </ClCompile>
    <ClCompile Include="ui_splevel.c">
      <Filter>Source Files</Filter>
    </ClCompile>
    <ClCompile Include="ui_sppostgame.c">
      <Filter>Source Files</Filter>
    </ClCompile>
    <ClCompile Include="ui_spreset.c">
      <Filter>Source Files</Filter>
    </ClCompile>
    <ClCompile Include="ui_spskill.c">
      <Filter>Source Files</Filter>
    </ClCompile>
    <ClCompile Include="ui_startserver.c">
      <Filter>Source Files</Filter>
    </ClCompile>
    <ClCompile Include="..\ui\ui_syscalls.c">
      <Filter>Source Files</Filter>
    </ClCompile>
    <ClCompile Include="ui_team.c">
      <Filter>Source Files</Filter>
    </ClCompile>
    <ClCompile Include="ui_teamorders.c">
      <Filter>Source Files</Filter>
    </ClCompile>
    <ClCompile Include="ui_video.c">
      <Filter>Source Files</Filter>
    </ClCompile>
  </ItemGroup>
  <ItemGroup>
    <CustomBuildStep Include="ui.def">
      <Filter>Source Files</Filter>
    </CustomBuildStep>
    <CustomBuildStep Include="keycodes.h">
      <Filter>Header Files</Filter>
    </CustomBuildStep>
    <CustomBuildStep Include="..\game\q_shared.h">
      <Filter>Header Files</Filter>
    </CustomBuildStep>
    <CustomBuildStep Include="ui_local.h">
      <Filter>Header Files</Filter>
    </CustomBuildStep>
    <CustomBuildStep Include="ui_public.h">
      <Filter>Header Files</Filter>
    </CustomBuildStep>
  </ItemGroup>
</Project>